
Microsoft Visual Studio Solution File, Format Version 12.00
# Visual Studio Version 17
VisualStudioVersion = 17.7.34003.232
MinimumVisualStudioVersion = 10.0.40219.1
Project("{FAE04EC0-301F-11D3-BF4B-00C04F79EFBC}") = "DesafioCRUD", "DesafioCRUD\DesafioCRUD.csproj", "{C79BA669-7FFC-4513-89AF-7C850351F676}"
EndProject
Global
	GlobalSection(SolutionConfigurationPlatforms) = preSolution
		Debug|Any CPU = Debug|Any CPU
		Release|Any CPU = Release|Any CPU
	EndGlobalSection
	GlobalSection(ProjectConfigurationPlatforms) = postSolution
		{C79BA669-7FFC-4513-89AF-7C850351F676}.Debug|Any CPU.ActiveCfg = Debug|Any CPU
		{C79BA669-7FFC-4513-89AF-7C850351F676}.Debug|Any CPU.Build.0 = Debug|Any CPU
		{C79BA669-7FFC-4513-89AF-7C850351F676}.Release|Any CPU.ActiveCfg = Release|Any CPU
		{C79BA669-7FFC-4513-89AF-7C850351F676}.Release|Any CPU.Build.0 = Release|Any CPU
	EndGlobalSection
	GlobalSection(SolutionProperties) = preSolution
		HideSolutionNode = FALSE
	EndGlobalSection
	GlobalSection(ExtensibilityGlobals) = postSolution
		SolutionGuid = {DD5730F9-D7F5-4B21-B20C-C7DE9B058477}
	EndGlobalSection
EndGlobal
